
Microsoft Visual Studio Solution File, Format Version 12.00
# Visual Studio Version 16
VisualStudioVersion = 16.0.32630.194
MinimumVisualStudioVersion = 10.0.40219.1
Project("{FAE04EC0-301F-11D3-BF4B-00C04F79EFBC}") = "GenericProject", "GenericProject\GenericProject.csproj", "{03CB10BA-A0A6-42DF-8E38-64530ECE50FD}"
EndProject
Global
	GlobalSection(SolutionConfigurationPlatforms) = preSolution
		Debug|Any CPU = Debug|Any CPU
		Release|Any CPU = Release|Any CPU
	EndGlobalSection
	GlobalSection(ProjectConfigurationPlatforms) = postSolution
		{03CB10BA-A0A6-42DF-8E38-64530ECE50FD}.Debug|Any CPU.ActiveCfg = Debug|Any CPU
		{03CB10BA-A0A6-42DF-8E38-64530ECE50FD}.Debug|Any CPU.Build.0 = Debug|Any CPU
		{03CB10BA-A0A6-42DF-8E38-64530ECE50FD}.Release|Any CPU.ActiveCfg = Release|Any CPU
		{03CB10BA-A0A6-42DF-8E38-64530ECE50FD}.Release|Any CPU.Build.0 = Release|Any CPU
	EndGlobalSection
	GlobalSection(SolutionProperties) = preSolution
		HideSolutionNode = FALSE
	EndGlobalSection
	GlobalSection(ExtensibilityGlobals) = postSolution
		SolutionGuid = {B465AEC9-DB43-4844-B5AE-5A9D09C28BB9}
	EndGlobalSection
EndGlobal
